
Microsoft Visual Studio Solution File, Format Version 12.00
# Visual Studio Version 17
VisualStudioVersion = 17.14.36221.1 d17.14
MinimumVisualStudioVersion = 10.0.40219.1
Project("{FAE04EC0-301F-11D3-BF4B-00C04F79EFBC}") = "Library-Management", "Library-Management\Library-Management.csproj", "{B9212DD5-D249-4F86-9285-BDAB62C49758}"
EndProject
Project("{FAE04EC0-301F-11D3-BF4B-00C04F79EFBC}") = "Library.Application", "Library.Application\Library.Application.csproj", "{C06ED645-E3FC-4EB0-8CF9-D097B6E679AF}"
EndProject
Project("{FAE04EC0-301F-11D3-BF4B-00C04F79EFBC}") = "Library.Infrastructure", "Library.Infrastructure\Library.Infrastructure.csproj", "{2D5A84D9-98FF-4881-85DC-5070BC008D9E}"
EndProject
Project("{FAE04EC0-301F-11D3-BF4B-00C04F79EFBC}") = "Library.Domain", "Library.Domain\Library.Domain.csproj", "{E95650D6-2D27-47BC-9821-FFAC4D20DC0B}"
EndProject
Project("{FAE04EC0-301F-11D3-BF4B-00C04F79EFBC}") = "Library.Contracts", "Library.Contracts\Library.Contracts.csproj", "{61757CF4-BB79-4D45-B16C-F93A73275760}"
EndProject
Global
	GlobalSection(SolutionConfigurationPlatforms) = preSolution
		Debug|Any CPU = Debug|Any CPU
		Release|Any CPU = Release|Any CPU
	EndGlobalSection
	GlobalSection(ProjectConfigurationPlatforms) = postSolution
		{B9212DD5-D249-4F86-9285-BDAB62C49758}.Debug|Any CPU.ActiveCfg = Debug|Any CPU
		{B9212DD5-D249-4F86-9285-BDAB62C49758}.Debug|Any CPU.Build.0 = Debug|Any CPU
		{B9212DD5-D249-4F86-9285-BDAB62C49758}.Release|Any CPU.ActiveCfg = Release|Any CPU
		{B9212DD5-D249-4F86-9285-BDAB62C49758}.Release|Any CPU.Build.0 = Release|Any CPU
		{C06ED645-E3FC-4EB0-8CF9-D097B6E679AF}.Debug|Any CPU.ActiveCfg = Debug|Any CPU
		{C06ED645-E3FC-4EB0-8CF9-D097B6E679AF}.Debug|Any CPU.Build.0 = Debug|Any CPU
		{C06ED645-E3FC-4EB0-8CF9-D097B6E679AF}.Release|Any CPU.ActiveCfg = Release|Any CPU
		{C06ED645-E3FC-4EB0-8CF9-D097B6E679AF}.Release|Any CPU.Build.0 = Release|Any CPU
		{2D5A84D9-98FF-4881-85DC-5070BC008D9E}.Debug|Any CPU.ActiveCfg = Debug|Any CPU
		{2D5A84D9-98FF-4881-85DC-5070BC008D9E}.Debug|Any CPU.Build.0 = Debug|Any CPU
		{2D5A84D9-98FF-4881-85DC-5070BC008D9E}.Release|Any CPU.ActiveCfg = Release|Any CPU
		{2D5A84D9-98FF-4881-85DC-5070BC008D9E}.Release|Any CPU.Build.0 = Release|Any CPU
		{E95650D6-2D27-47BC-9821-FFAC4D20DC0B}.Debug|Any CPU.ActiveCfg = Debug|Any CPU
		{E95650D6-2D27-47BC-9821-FFAC4D20DC0B}.Debug|Any CPU.Build.0 = Debug|Any CPU
		{E95650D6-2D27-47BC-9821-FFAC4D20DC0B}.Release|Any CPU.ActiveCfg = Release|Any CPU
		{E95650D6-2D27-47BC-9821-FFAC4D20DC0B}.Release|Any CPU.Build.0 = Release|Any CPU
		{61757CF4-BB79-4D45-B16C-F93A73275760}.Debug|Any CPU.ActiveCfg = Debug|Any CPU
		{61757CF4-BB79-4D45-B16C-F93A73275760}.Debug|Any CPU.Build.0 = Debug|Any CPU
		{61757CF4-BB79-4D45-B16C-F93A73275760}.Release|Any CPU.ActiveCfg = Release|Any CPU
		{61757CF4-BB79-4D45-B16C-F93A73275760}.Release|Any CPU.Build.0 = Release|Any CPU
	EndGlobalSection
	GlobalSection(SolutionProperties) = preSolution
		HideSolutionNode = FALSE
	EndGlobalSection
	GlobalSection(ExtensibilityGlobals) = postSolution
		SolutionGuid = {5ED0CDC1-3F56-4C67-9A03-4539550FB787}
	EndGlobalSection
EndGlobal
